
Microsoft Visual Studio Solution File, Format Version 12.00
# Visual Studio Version 17
VisualStudioVersion = 17.3.32929.385
MinimumVisualStudioVersion = 10.0.40219.1
Project("{FAE04EC0-301F-11D3-BF4B-00C04F79EFBC}") = "HelloWorld", "HelloWorld\HelloWorld.csproj", "{7911FD87-BD9F-42CB-B947-6DE5316CFA0B}"
EndProject
Global
	GlobalSection(SolutionConfigurationPlatforms) = preSolution
		Debug|Any CPU = Debug|Any CPU
		Release|Any CPU = Release|Any CPU
	EndGlobalSection
	GlobalSection(ProjectConfigurationPlatforms) = postSolution
		{7911FD87-BD9F-42CB-B947-6DE5316CFA0B}.Debug|Any CPU.ActiveCfg = Debug|Any CPU
		{7911FD87-BD9F-42CB-B947-6DE5316CFA0B}.Debug|Any CPU.Build.0 = Debug|Any CPU
		{7911FD87-BD9F-42CB-B947-6DE5316CFA0B}.Release|Any CPU.ActiveCfg = Release|Any CPU
		{7911FD87-BD9F-42CB-B947-6DE5316CFA0B}.Release|Any CPU.Build.0 = Release|Any CPU
	EndGlobalSection
	GlobalSection(SolutionProperties) = preSolution
		HideSolutionNode = FALSE
	EndGlobalSection
	GlobalSection(ExtensibilityGlobals) = postSolution
		SolutionGuid = {BC59ED72-1DCB-4A40-8709-25522F539587}
	EndGlobalSection
EndGlobal
